# This file is automatically @generated by Cargo.
# It is not intended for manual editing.
version = 3

[[package]]
name = "aeruginous-io"
version = "0.8.1"
dependencies = [
 "sysexits",
]

[[package]]
name = "sysexits"
version = "0.8.5"
source = "registry+https://github.com/rust-lang/crates.io-index"
checksum = "3a70e00b0ea6c3e7154dfc48fee004bf61bdc154fd99b7e17c05318503b9660b"
