# This file is automatically @generated by Cargo.
# It is not intended for manual editing.
version = 4

[[package]]
name = "aeruginous-io"
version = "0.8.1"
dependencies = [
 "sysexits",
]

[[package]]
name = "sysexits"
version = "0.13.0"
source = "registry+https://github.com/rust-lang/crates.io-index"
checksum = "5dffab7eaf1889aaff43c92ee7ffaeeb0d34de8214867c41c6e7587361f867f7"
