# This file is automatically @generated by Cargo.
# It is not intended for manual editing.
version = 3

[[package]]
name = "aeruginous-io"
version = "0.8.1"
dependencies = [
 "sysexits",
]

[[package]]
name = "sysexits"
version = "0.8.1"
source = "registry+https://github.com/rust-lang/crates.io-index"
checksum = "c4008983d29e823b1415f5f12732d5c9a44059795fb6218262cc0185668851e2"
